
Microsoft Visual Studio Solution File, Format Version 12.00
# Visual Studio Version 16
VisualStudioVersion = 16.0.31321.278
MinimumVisualStudioVersion = 10.0.40219.1
Project("{FAE04EC0-301F-11D3-BF4B-00C04F79EFBC}") = "LightHouseV1", "LightHouseV1\LightHouseV1.csproj", "{473EED70-EC57-40BF-9042-9546361D9BBA}"
EndProject
Global
	GlobalSection(SolutionConfigurationPlatforms) = preSolution
		Debug|Any CPU = Debug|Any CPU
		Release|Any CPU = Release|Any CPU
	EndGlobalSection
	GlobalSection(ProjectConfigurationPlatforms) = postSolution
		{473EED70-EC57-40BF-9042-9546361D9BBA}.Debug|Any CPU.ActiveCfg = Debug|Any CPU
		{473EED70-EC57-40BF-9042-9546361D9BBA}.Debug|Any CPU.Build.0 = Debug|Any CPU
		{473EED70-EC57-40BF-9042-9546361D9BBA}.Release|Any CPU.ActiveCfg = Release|Any CPU
		{473EED70-EC57-40BF-9042-9546361D9BBA}.Release|Any CPU.Build.0 = Release|Any CPU
	EndGlobalSection
	GlobalSection(SolutionProperties) = preSolution
		HideSolutionNode = FALSE
	EndGlobalSection
	GlobalSection(ExtensibilityGlobals) = postSolution
		SolutionGuid = {BB5E6242-67C3-40F8-9DC7-65ED0C63ACBD}
	EndGlobalSection
EndGlobal
